// !$*UTF8*$!
{
	archiveVersion = 1;
	classes = {
	};
	objectVersion = 56;
	objects = {

/* Begin PBXBuildFile section */
		5B0D920829B1C5DE005B77F7 /* AppDelegate.swift in Sources */ = {isa = PBXBuildFile; fileRef = 5B0D920729B1C5DE005B77F7 /* AppDelegate.swift */; };
		5B0D920A29B1C5DE005B77F7 /* SceneDelegate.swift in Sources */ = {isa = PBXBuildFile; fileRef = 5B0D920929B1C5DE005B77F7 /* SceneDelegate.swift */; };
		5B0D920C29B1C5DE005B77F7 /* ViewController.swift in Sources */ = {isa = PBXBuildFile; fileRef = 5B0D920B29B1C5DE005B77F7 /* ViewController.swift */; };
		5B0D920F29B1C5DE005B77F7 /* Main.storyboard in Resources */ = {isa = PBXBuildFile; fileRef = 5B0D920D29B1C5DE005B77F7 /* Main.storyboard */; };
		5B0D921229B1C5DE005B77F7 /* BetterProject.xcdatamodeld in Sources */ = {isa = PBXBuildFile; fileRef = 5B0D921029B1C5DE005B77F7 /* BetterProject.xcdatamodeld */; };
		5B0D921429B1C5DF005B77F7 /* Assets.xcassets in Resources */ = {isa = PBXBuildFile; fileRef = 5B0D921329B1C5DF005B77F7 /* Assets.xcassets */; };
		5B0D921729B1C5DF005B77F7 /* LaunchScreen.storyboard in Resources */ = {isa = PBXBuildFile; fileRef = 5B0D921529B1C5DF005B77F7 /* LaunchScreen.storyboard */; };
		5B0D922229B1C5DF005B77F7 /* BetterProjectTests.swift in Sources */ = {isa = PBXBuildFile; fileRef = 5B0D922129B1C5DF005B77F7 /* BetterProjectTests.swift */; };
		5B0D922C29B1C5DF005B77F7 /* BetterProjectUITests.swift in Sources */ = {isa = PBXBuildFile; fileRef = 5B0D922B29B1C5DF005B77F7 /* BetterProjectUITests.swift */; };
		5B0D922E29B1C5DF005B77F7 /* BetterProjectUITestsLaunchTests.swift in Sources */ = {isa = PBXBuildFile; fileRef = 5B0D922D29B1C5DF005B77F7 /* BetterProjectUITestsLaunchTests.swift */; };
/* End PBXBuildFile section */

/* Begin PBXContainerItemProxy section */
		5B0D921E29B1C5DF005B77F7 /* PBXContainerItemProxy */ = {
			isa = PBXContainerItemProxy;
			containerPortal = 5B0D91FC29B1C5DE005B77F7 /* Project object */;
			proxyType = 1;
			remoteGlobalIDString = 5B0D920329B1C5DE005B77F7;
			remoteInfo = BetterProject;
		};
		5B0D922829B1C5DF005B77F7 /* PBXContainerItemProxy */ = {
			isa = PBXContainerItemProxy;
			containerPortal = 5B0D91FC29B1C5DE005B77F7 /* Project object */;
			proxyType = 1;
			remoteGlobalIDString = 5B0D920329B1C5DE005B77F7;
			remoteInfo = BetterProject;
		};
/* End PBXContainerItemProxy section */

/* Begin PBXFileReference section */
		5B0D920429B1C5DE005B77F7 /* BetterProject.app */ = {isa = PBXFileReference; explicitFileType = wrapper.application; includeInIndex = 0; path = BetterProject.app; sourceTree = BUILT_PRODUCTS_DIR; };
		5B0D920729B1C5DE005B77F7 /* AppDelegate.swift */ = {isa = PBXFileReference; lastKnownFileType = sourcecode.swift; path = AppDelegate.swift; sourceTree = "<group>"; };
		5B0D920929B1C5DE005B77F7 /* SceneDelegate.swift */ = {isa = PBXFileReference; lastKnownFileType = sourcecode.swift; path = SceneDelegate.swift; sourceTree = "<group>"; };
		5B0D920B29B1C5DE005B77F7 /* ViewController.swift */ = {isa = PBXFileReference; lastKnownFileType = sourcecode.swift; path = ViewController.swift; sourceTree = "<group>"; };
		5B0D920E29B1C5DE005B77F7 /* Base */ = {isa = PBXFileReference; lastKnownFileType = file.storyboard; name = Base; path = Base.lproj/Main.storyboard; sourceTree = "<group>"; };
		5B0D921129B1C5DE005B77F7 /* BetterProject.xcdatamodel */ = {isa = PBXFileReference; lastKnownFileType = wrapper.xcdatamodel; path = BetterProject.xcdatamodel; sourceTree = "<group>"; };
		5B0D921329B1C5DF005B77F7 /* Assets.xcassets */ = {isa = PBXFileReference; lastKnownFileType = folder.assetcatalog; path = Assets.xcassets; sourceTree = "<group>"; };
		5B0D921629B1C5DF005B77F7 /* Base */ = {isa = PBXFileReference; lastKnownFileType = file.storyboard; name = Base; path = Base.lproj/LaunchScreen.storyboard; sourceTree = "<group>"; };
		5B0D921829B1C5DF005B77F7 /* Info.plist */ = {isa = PBXFileReference; lastKnownFileType = text.plist.xml; path = Info.plist; sourceTree = "<group>"; };
		5B0D921D29B1C5DF005B77F7 /* BetterProjectTests.xctest */ = {isa = PBXFileReference; explicitFileType = wrapper.cfbundle; includeInIndex = 0; path = BetterProjectTests.xctest; sourceTree = BUILT_PRODUCTS_DIR; };
		5B0D922129B1C5DF005B77F7 /* BetterProjectTests.swift */ = {isa = PBXFileReference; lastKnownFileType = sourcecode.swift; path = BetterProjectTests.swift; sourceTree = "<group>"; };
		5B0D922729B1C5DF005B77F7 /* BetterProjectUITests.xctest */ = {isa = PBXFileReference; explicitFileType = wrapper.cfbundle; includeInIndex = 0; path = BetterProjectUITests.xctest; sourceTree = BUILT_PRODUCTS_DIR; };
		5B0D922B29B1C5DF005B77F7 /* BetterProjectUITests.swift */ = {isa = PBXFileReference; lastKnownFileType = sourcecode.swift; path = BetterProjectUITests.swift; sourceTree = "<group>"; };
		5B0D922D29B1C5DF005B77F7 /* BetterProjectUITestsLaunchTests.swift */ = {isa = PBXFileReference; lastKnownFileType = sourcecode.swift; path = BetterProjectUITestsLaunchTests.swift; sourceTree = "<group>"; };
/* End PBXFileReference section */

/* Begin PBXFrameworksBuildPhase section */
		5B0D920129B1C5DE005B77F7 /* Frameworks */ = {
			isa = PBXFrameworksBuildPhase;
			buildActionMask = 2147483647;
			files = (
			);
			runOnlyForDeploymentPostprocessing = 0;
		};
		5B0D921A29B1C5DF005B77F7 /* Frameworks */ = {
			isa = PBXFrameworksBuildPhase;
			buildActionMask = 2147483647;
			files = (
			);
			runOnlyForDeploymentPostprocessing = 0;
		};
		5B0D922429B1C5DF005B77F7 /* Frameworks */ = {
			isa = PBXFrameworksBuildPhase;
			buildActionMask = 2147483647;
			files = (
			);
			runOnlyForDeploymentPostprocessing = 0;
		};
/* End PBXFrameworksBuildPhase section */

/* Begin PBXGroup section */
		5B0D91FB29B1C5DE005B77F7 = {
			isa = PBXGroup;
			children = (
				5B0D920629B1C5DE005B77F7 /* BetterProject */,
				5B0D922029B1C5DF005B77F7 /* BetterProjectTests */,
				5B0D922A29B1C5DF005B77F7 /* BetterProjectUITests */,
				5B0D920529B1C5DE005B77F7 /* Products */,
			);
			sourceTree = "<group>";
		};
		5B0D920529B1C5DE005B77F7 /* Products */ = {
			isa = PBXGroup;
			children = (
				5B0D920429B1C5DE005B77F7 /* BetterProject.app */,
				5B0D921D29B1C5DF005B77F7 /* BetterProjectTests.xctest */,
				5B0D922729B1C5DF005B77F7 /* BetterProjectUITests.xctest */,
			);
			name = Products;
			sourceTree = "<group>";
		};
		5B0D920629B1C5DE005B77F7 /* BetterProject */ = {
			isa = PBXGroup;
			children = (
				5B0D920729B1C5DE005B77F7 /* AppDelegate.swift */,
				5B0D920929B1C5DE005B77F7 /* SceneDelegate.swift */,
				5B0D920B29B1C5DE005B77F7 /* ViewController.swift */,
				5B0D920D29B1C5DE005B77F7 /* Main.storyboard */,
				5B0D921329B1C5DF005B77F7 /* Assets.xcassets */,
				5B0D921529B1C5DF005B77F7 /* LaunchScreen.storyboard */,
				5B0D921829B1C5DF005B77F7 /* Info.plist */,
				5B0D921029B1C5DE005B77F7 /* BetterProject.xcdatamodeld */,
			);
			path = BetterProject;
			sourceTree = "<group>";
		};
		5B0D922029B1C5DF005B77F7 /* BetterProjectTests */ = {
			isa = PBXGroup;
			children = (
				5B0D922129B1C5DF005B77F7 /* BetterProjectTests.swift */,
			);
			path = BetterProjectTests;
			sourceTree = "<group>";
		};
		5B0D922A29B1C5DF005B77F7 /* BetterProjectUITests */ = {
			isa = PBXGroup;
			children = (
				5B0D922B29B1C5DF005B77F7 /* BetterProjectUITests.swift */,
				5B0D922D29B1C5DF005B77F7 /* BetterProjectUITestsLaunchTests.swift */,
			);
			path = BetterProjectUITests;
			sourceTree = "<group>";
		};
/* End PBXGroup section */

/* Begin PBXNativeTarget section */
		5B0D920329B1C5DE005B77F7 /* BetterProject */ = {
			isa = PBXNativeTarget;
			buildConfigurationList = 5B0D923129B1C5DF005B77F7 /* Build configuration list for PBXNativeTarget "BetterProject" */;
			buildPhases = (
				5B0D920029B1C5DE005B77F7 /* Sources */,
				5B0D920129B1C5DE005B77F7 /* Frameworks */,
				5B0D920229B1C5DE005B77F7 /* Resources */,
			);
			buildRules = (
			);
			dependencies = (
			);
			name = BetterProject;
			productName = BetterProject;
			productReference = 5B0D920429B1C5DE005B77F7 /* BetterProject.app */;
			productType = "com.apple.product-type.application";
		};
		5B0D921C29B1C5DF005B77F7 /* BetterProjectTests */ = {
			isa = PBXNativeTarget;
			buildConfigurationList = 5B0D923429B1C5DF005B77F7 /* Build configuration list for PBXNativeTarget "BetterProjectTests" */;
			buildPhases = (
				5B0D921929B1C5DF005B77F7 /* Sources */,
				5B0D921A29B1C5DF005B77F7 /* Frameworks */,
				5B0D921B29B1C5DF005B77F7 /* Resources */,
			);
			buildRules = (
			);
			dependencies = (
				5B0D921F29B1C5DF005B77F7 /* PBXTargetDependency */,
			);
			name = BetterProjectTests;
			productName = BetterProjectTests;
			productReference = 5B0D921D29B1C5DF005B77F7 /* BetterProjectTests.xctest */;
			productType = "com.apple.product-type.bundle.unit-test";
		};
		5B0D922629B1C5DF005B77F7 /* BetterProjectUITests */ = {
			isa = PBXNativeTarget;
			buildConfigurationList = 5B0D923729B1C5DF005B77F7 /* Build configuration list for PBXNativeTarget "BetterProjectUITests" */;
			buildPhases = (
				5B0D922329B1C5DF005B77F7 /* Sources */,
				5B0D922429B1C5DF005B77F7 /* Frameworks */,
				5B0D922529B1C5DF005B77F7 /* Resources */,
			);
			buildRules = (
			);
			dependencies = (
				5B0D922929B1C5DF005B77F7 /* PBXTargetDependency */,
			);
			name = BetterProjectUITests;
			productName = BetterProjectUITests;
			productReference = 5B0D922729B1C5DF005B77F7 /* BetterProjectUITests.xctest */;
			productType = "com.apple.product-type.bundle.ui-testing";
		};
/* End PBXNativeTarget section */

/* Begin PBXProject section */
		5B0D91FC29B1C5DE005B77F7 /* Project object */ = {
			isa = PBXProject;
			attributes = {
				BuildIndependentTargetsInParallel = 1;
				LastSwiftUpdateCheck = 1420;
				LastUpgradeCheck = 1420;
				TargetAttributes = {
					5B0D920329B1C5DE005B77F7 = {
						CreatedOnToolsVersion = 14.2;
					};
					5B0D921C29B1C5DF005B77F7 = {
						CreatedOnToolsVersion = 14.2;
						TestTargetID = 5B0D920329B1C5DE005B77F7;
					};
					5B0D922629B1C5DF005B77F7 = {
						CreatedOnToolsVersion = 14.2;
						TestTargetID = 5B0D920329B1C5DE005B77F7;
					};
				};
			};
			buildConfigurationList = 5B0D91FF29B1C5DE005B77F7 /* Build configuration list for PBXProject "BetterProject" */;
			compatibilityVersion = "Xcode 14.0";
			developmentRegion = en;
			hasScannedForEncodings = 0;
			knownRegions = (
				en,
				Base,
			);
			mainGroup = 5B0D91FB29B1C5DE005B77F7;
			productRefGroup = 5B0D920529B1C5DE005B77F7 /* Products */;
			projectDirPath = "";
			projectRoot = "";
			targets = (
				5B0D920329B1C5DE005B77F7 /* BetterProject */,
				5B0D921C29B1C5DF005B77F7 /* BetterProjectTests */,
				5B0D922629B1C5DF005B77F7 /* BetterProjectUITests */,
			);
		};
/* End PBXProject section */

/* Begin PBXResourcesBuildPhase section */
		5B0D920229B1C5DE005B77F7 /* Resources */ = {
			isa = PBXResourcesBuildPhase;
			buildActionMask = 2147483647;
			files = (
				5B0D921729B1C5DF005B77F7 /* LaunchScreen.storyboard in Resources */,
				5B0D921429B1C5DF005B77F7 /* Assets.xcassets in Resources */,
				5B0D920F29B1C5DE005B77F7 /* Main.storyboard in Resources */,
			);
			runOnlyForDeploymentPostprocessing = 0;
		};
		5B0D921B29B1C5DF005B77F7 /* Resources */ = {
			isa = PBXResourcesBuildPhase;
			buildActionMask = 2147483647;
			files = (
			);
			runOnlyForDeploymentPostprocessing = 0;
		};
		5B0D922529B1C5DF005B77F7 /* Resources */ = {
			isa = PBXResourcesBuildPhase;
			buildActionMask = 2147483647;
			files = (
			);
			runOnlyForDeploymentPostprocessing = 0;
		};
/* End PBXResourcesBuildPhase section */

/* Begin PBXSourcesBuildPhase section */
		5B0D920029B1C5DE005B77F7 /* Sources */ = {
			isa = PBXSourcesBuildPhase;
			buildActionMask = 2147483647;
			files = (
				5B0D920C29B1C5DE005B77F7 /* ViewController.swift in Sources */,
				5B0D920829B1C5DE005B77F7 /* AppDelegate.swift in Sources */,
				5B0D920A29B1C5DE005B77F7 /* SceneDelegate.swift in Sources */,
				5B0D921229B1C5DE005B77F7 /* BetterProject.xcdatamodeld in Sources */,
			);
			runOnlyForDeploymentPostprocessing = 0;
		};
		5B0D921929B1C5DF005B77F7 /* Sources */ = {
			isa = PBXSourcesBuildPhase;
			buildActionMask = 2147483647;
			files = (
				5B0D922229B1C5DF005B77F7 /* BetterProjectTests.swift in Sources */,
			);
			runOnlyForDeploymentPostprocessing = 0;
		};
		5B0D922329B1C5DF005B77F7 /* Sources */ = {
			isa = PBXSourcesBuildPhase;
			buildActionMask = 2147483647;
			files = (
				5B0D922E29B1C5DF005B77F7 /* BetterProjectUITestsLaunchTests.swift in Sources */,
				5B0D922C29B1C5DF005B77F7 /* BetterProjectUITests.swift in Sources */,
			);
			runOnlyForDeploymentPostprocessing = 0;
		};
/* End PBXSourcesBuildPhase section */

/* Begin PBXTargetDependency section */
		5B0D921F29B1C5DF005B77F7 /* PBXTargetDependency */ = {
			isa = PBXTargetDependency;
			target = 5B0D920329B1C5DE005B77F7 /* BetterProject */;
			targetProxy = 5B0D921E29B1C5DF005B77F7 /* PBXContainerItemProxy */;
		};
		5B0D922929B1C5DF005B77F7 /* PBXTargetDependency */ = {
			isa = PBXTargetDependency;
			target = 5B0D920329B1C5DE005B77F7 /* BetterProject */;
			targetProxy = 5B0D922829B1C5DF005B77F7 /* PBXContainerItemProxy */;
		};
/* End PBXTargetDependency section */

/* Begin PBXVariantGroup section */
		5B0D920D29B1C5DE005B77F7 /* Main.storyboard */ = {
			isa = PBXVariantGroup;
			children = (
				5B0D920E29B1C5DE005B77F7 /* Base */,
			);
			name = Main.storyboard;
			sourceTree = "<group>";
		};
		5B0D921529B1C5DF005B77F7 /* LaunchScreen.storyboard */ = {
			isa = PBXVariantGroup;
			children = (
				5B0D921629B1C5DF005B77F7 /* Base */,
			);
			name = LaunchScreen.storyboard;
			sourceTree = "<group>";
		};
/* End PBXVariantGroup section */

/* Begin XCBuildConfiguration section */
		5B0D922F29B1C5DF005B77F7 /* Debug */ = {
			isa = XCBuildConfiguration;
			buildSettings = {
				ALWAYS_SEARCH_USER_PATHS = NO;
				CLANG_ANALYZER_NONNULL = YES;
				CLANG_ANALYZER_NUMBER_OBJECT_CONVERSION = YES_AGGRESSIVE;
				CLANG_CXX_LANGUAGE_STANDARD = "gnu++20";
				CLANG_ENABLE_MODULES = YES;
				CLANG_ENABLE_OBJC_ARC = YES;
				CLANG_ENABLE_OBJC_WEAK = YES;
				CLANG_WARN_BLOCK_CAPTURE_AUTORELEASING = YES;
				CLANG_WARN_BOOL_CONVERSION = YES;
				CLANG_WARN_COMMA = YES;
				CLANG_WARN_CONSTANT_CONVERSION = YES;
				CLANG_WARN_DEPRECATED_OBJC_IMPLEMENTATIONS = YES;
				CLANG_WARN_DIRECT_OBJC_ISA_USAGE = YES_ERROR;
				CLANG_WARN_DOCUMENTATION_COMMENTS = YES;
				CLANG_WARN_EMPTY_BODY = YES;
				CLANG_WARN_ENUM_CONVERSION = YES;
				CLANG_WARN_INFINITE_RECURSION = YES;
				CLANG_WARN_INT_CONVERSION = YES;
				CLANG_WARN_NON_LITERAL_NULL_CONVERSION = YES;
				CLANG_WARN_OBJC_IMPLICIT_RETAIN_SELF = YES;
				CLANG_WARN_OBJC_LITERAL_CONVERSION = YES;
				CLANG_WARN_OBJC_ROOT_CLASS = YES_ERROR;
				CLANG_WARN_QUOTED_INCLUDE_IN_FRAMEWORK_HEADER = YES;
				CLANG_WARN_RANGE_LOOP_ANALYSIS = YES;
				CLANG_WARN_STRICT_PROTOTYPES = YES;
				CLANG_WARN_SUSPICIOUS_MOVE = YES;
				CLANG_WARN_UNGUARDED_AVAILABILITY = YES_AGGRESSIVE;
				CLANG_WARN_UNREACHABLE_CODE = YES;
				CLANG_WARN__DUPLICATE_METHOD_MATCH = YES;
				COPY_PHASE_STRIP = NO;
				DEBUG_INFORMATION_FORMAT = dwarf;
				ENABLE_STRICT_OBJC_MSGSEND = YES;
				ENABLE_TESTABILITY = YES;
				GCC_C_LANGUAGE_STANDARD = gnu11;
				GCC_DYNAMIC_NO_PIC = NO;
				GCC_NO_COMMON_BLOCKS = YES;
				GCC_OPTIMIZATION_LEVEL = 0;
				GCC_PREPROCESSOR_DEFINITIONS = (
					"DEBUG=1",
					"$(inherited)",
				);
				GCC_WARN_64_TO_32_BIT_CONVERSION = YES;
				GCC_WARN_ABOUT_RETURN_TYPE = YES_ERROR;
				GCC_WARN_UNDECLARED_SELECTOR = YES;
				GCC_WARN_UNINITIALIZED_AUTOS = YES_AGGRESSIVE;
				GCC_WARN_UNUSED_FUNCTION = YES;
				GCC_WARN_UNUSED_VARIABLE = YES;
				IPHONEOS_DEPLOYMENT_TARGET = 16.2;
				MTL_ENABLE_DEBUG_INFO = INCLUDE_SOURCE;
				MTL_FAST_MATH = YES;
				ONLY_ACTIVE_ARCH = YES;
				SDKROOT = iphoneos;
				SWIFT_ACTIVE_COMPILATION_CONDITIONS = DEBUG;
				SWIFT_OPTIMIZATION_LEVEL = "-Onone";
			};
			name = Debug;
		};
		5B0D923029B1C5DF005B77F7 /* Release */ = {
			isa = XCBuildConfiguration;
			buildSettings = {
				ALWAYS_SEARCH_USER_PATHS = NO;
				CLANG_ANALYZER_NONNULL = YES;
				CLANG_ANALYZER_NUMBER_OBJECT_CONVERSION = YES_AGGRESSIVE;
				CLANG_CXX_LANGUAGE_STANDARD = "gnu++20";
				CLANG_ENABLE_MODULES = YES;
				CLANG_ENABLE_OBJC_ARC = YES;
				CLANG_ENABLE_OBJC_WEAK = YES;
				CLANG_WARN_BLOCK_CAPTURE_AUTORELEASING = YES;
				CLANG_WARN_BOOL_CONVERSION = YES;
				CLANG_WARN_COMMA = YES;
				CLANG_WARN_CONSTANT_CONVERSION = YES;
				CLANG_WARN_DEPRECATED_OBJC_IMPLEMENTATIONS = YES;
				CLANG_WARN_DIRECT_OBJC_ISA_USAGE = YES_ERROR;
				CLANG_WARN_DOCUMENTATION_COMMENTS = YES;
				CLANG_WARN_EMPTY_BODY = YES;
				CLANG_WARN_ENUM_CONVERSION = YES;
				CLANG_WARN_INFINITE_RECURSION = YES;
				CLANG_WARN_INT_CONVERSION = YES;
				CLANG_WARN_NON_LITERAL_NULL_CONVERSION = YES;
				CLANG_WARN_OBJC_IMPLICIT_RETAIN_SELF = YES;
				CLANG_WARN_OBJC_LITERAL_CONVERSION = YES;
				CLANG_WARN_OBJC_ROOT_CLASS = YES_ERROR;
				CLANG_WARN_QUOTED_INCLUDE_IN_FRAMEWORK_HEADER = YES;
				CLANG_WARN_RANGE_LOOP_ANALYSIS = YES;
				CLANG_WARN_STRICT_PROTOTYPES = YES;
				CLANG_WARN_SUSPICIOUS_MOVE = YES;
				CLANG_WARN_UNGUARDED_AVAILABILITY = YES_AGGRESSIVE;
				CLANG_WARN_UNREACHABLE_CODE = YES;
				CLANG_WARN__DUPLICATE_METHOD_MATCH = YES;
				COPY_PHASE_STRIP = NO;
				DEBUG_INFORMATION_FORMAT = "dwarf-with-dsym";
				ENABLE_NS_ASSERTIONS = NO;
				ENABLE_STRICT_OBJC_MSGSEND = YES;
				GCC_C_LANGUAGE_STANDARD = gnu11;
				GCC_NO_COMMON_BLOCKS = YES;
				GCC_WARN_64_TO_32_BIT_CONVERSION = YES;
				GCC_WARN_ABOUT_RETURN_TYPE = YES_ERROR;
				GCC_WARN_UNDECLARED_SELECTOR = YES;
				GCC_WARN_UNINITIALIZED_AUTOS = YES_AGGRESSIVE;
				GCC_WARN_UNUSED_FUNCTION = YES;
				GCC_WARN_UNUSED_VARIABLE = YES;
				IPHONEOS_DEPLOYMENT_TARGET = 16.2;
				MTL_ENABLE_DEBUG_INFO = NO;
				MTL_FAST_MATH = YES;
				SDKROOT = iphoneos;
				SWIFT_COMPILATION_MODE = wholemodule;
				SWIFT_OPTIMIZATION_LEVEL = "-O";
				VALIDATE_PRODUCT = YES;
			};
			name = Release;
		};
		5B0D923229B1C5DF005B77F7 /* Debug */ = {
			isa = XCBuildConfiguration;
			buildSettings = {
				ASSETCATALOG_COMPILER_APPICON_NAME = AppIcon;
				ASSETCATALOG_COMPILER_GLOBAL_ACCENT_COLOR_NAME = AccentColor;
				CODE_SIGN_STYLE = Automatic;
				CURRENT_PROJECT_VERSION = 1;
				GENERATE_INFOPLIST_FILE = YES;
				INFOPLIST_FILE = BetterProject/Info.plist;
				INFOPLIST_KEY_UIApplicationSupportsIndirectInputEvents = YES;
				INFOPLIST_KEY_UILaunchStoryboardName = LaunchScreen;
				INFOPLIST_KEY_UIMainStoryboardFile = Main;
				INFOPLIST_KEY_UISupportedInterfaceOrientations_iPad = "UIInterfaceOrientationPortrait UIInterfaceOrientationPortraitUpsideDown UIInterfaceOrientationLandscapeLeft UIInterfaceOrientationLandscapeRight";
				INFOPLIST_KEY_UISupportedInterfaceOrientations_iPhone = "UIInterfaceOrientationPortrait UIInterfaceOrientationLandscapeLeft UIInterfaceOrientationLandscapeRight";
				LD_RUNPATH_SEARCH_PATHS = (
					"$(inherited)",
					"@executable_path/Frameworks",
				);
				MARKETING_VERSION = 1.0;
				PRODUCT_BUNDLE_IDENTIFIER = billones.dev.BetterProject;
				PRODUCT_NAME = "$(TARGET_NAME)";
				SWIFT_EMIT_LOC_STRINGS = YES;
				SWIFT_VERSION = 5.0;
				TARGETED_DEVICE_FAMILY = "1,2";
			};
			name = Debug;
		};
		5B0D923329B1C5DF005B77F7 /* Release */ = {
			isa = XCBuildConfiguration;
			buildSettings = {
				ASSETCATALOG_COMPILER_APPICON_NAME = AppIcon;
				ASSETCATALOG_COMPILER_GLOBAL_ACCENT_COLOR_NAME = AccentColor;
				CODE_SIGN_STYLE = Automatic;
				CURRENT_PROJECT_VERSION = 1;
				GENERATE_INFOPLIST_FILE = YES;
				INFOPLIST_FILE = BetterProject/Info.plist;
				INFOPLIST_KEY_UIApplicationSupportsIndirectInputEvents = YES;
				INFOPLIST_KEY_UILaunchStoryboardName = LaunchScreen;
				INFOPLIST_KEY_UIMainStoryboardFile = Main;
				INFOPLIST_KEY_UISupportedInterfaceOrientations_iPad = "UIInterfaceOrientationPortrait UIInterfaceOrientationPortraitUpsideDown UIInterfaceOrientationLandscapeLeft UIInterfaceOrientationLandscapeRight";
				INFOPLIST_KEY_UISupportedInterfaceOrientations_iPhone = "UIInterfaceOrientationPortrait UIInterfaceOrientationLandscapeLeft UIInterfaceOrientationLandscapeRight";
				LD_RUNPATH_SEARCH_PATHS = (
					"$(inherited)",
					"@executable_path/Frameworks",
				);
				MARKETING_VERSION = 1.0;
				PRODUCT_BUNDLE_IDENTIFIER = billones.dev.BetterProject;
				PRODUCT_NAME = "$(TARGET_NAME)";
				SWIFT_EMIT_LOC_STRINGS = YES;
				SWIFT_VERSION = 5.0;
				TARGETED_DEVICE_FAMILY = "1,2";
			};
			name = Release;
		};
		5B0D923529B1C5DF005B77F7 /* Debug */ = {
			isa = XCBuildConfiguration;
			buildSettings = {
				ALWAYS_EMBED_SWIFT_STANDARD_LIBRARIES = YES;
				BUNDLE_LOADER = "$(TEST_HOST)";
				CODE_SIGN_STYLE = Automatic;
				CURRENT_PROJECT_VERSION = 1;
				GENERATE_INFOPLIST_FILE = YES;
				IPHONEOS_DEPLOYMENT_TARGET = 16.2;
				MARKETING_VERSION = 1.0;
				PRODUCT_BUNDLE_IDENTIFIER = billones.dev.BetterProjectTests;
				PRODUCT_NAME = "$(TARGET_NAME)";
				SWIFT_EMIT_LOC_STRINGS = NO;
				SWIFT_VERSION = 5.0;
				TARGETED_DEVICE_FAMILY = "1,2";
				TEST_HOST = "$(BUILT_PRODUCTS_DIR)/BetterProject.app/$(BUNDLE_EXECUTABLE_FOLDER_PATH)/BetterProject";
			};
			name = Debug;
		};
		5B0D923629B1C5DF005B77F7 /* Release */ = {
			isa = XCBuildConfiguration;
			buildSettings = {
				ALWAYS_EMBED_SWIFT_STANDARD_LIBRARIES = YES;
				BUNDLE_LOADER = "$(TEST_HOST)";
				CODE_SIGN_STYLE = Automatic;
				CURRENT_PROJECT_VERSION = 1;
				GENERATE_INFOPLIST_FILE = YES;
				IPHONEOS_DEPLOYMENT_TARGET = 16.2;
				MARKETING_VERSION = 1.0;
				PRODUCT_BUNDLE_IDENTIFIER = billones.dev.BetterProjectTests;
				PRODUCT_NAME = "$(TARGET_NAME)";
				SWIFT_EMIT_LOC_STRINGS = NO;
				SWIFT_VERSION = 5.0;
				TARGETED_DEVICE_FAMILY = "1,2";
				TEST_HOST = "$(BUILT_PRODUCTS_DIR)/BetterProject.app/$(BUNDLE_EXECUTABLE_FOLDER_PATH)/BetterProject";
			};
			name = Release;
		};
		5B0D923829B1C5DF005B77F7 /* Debug */ = {
			isa = XCBuildConfiguration;
			buildSettings = {
				ALWAYS_EMBED_SWIFT_STANDARD_LIBRARIES = YES;
				CODE_SIGN_STYLE = Automatic;
				CURRENT_PROJECT_VERSION = 1;
				GENERATE_INFOPLIST_FILE = YES;
				MARKETING_VERSION = 1.0;
				PRODUCT_BUNDLE_IDENTIFIER = billones.dev.BetterProjectUITests;
				PRODUCT_NAME = "$(TARGET_NAME)";
				SWIFT_EMIT_LOC_STRINGS = NO;
				SWIFT_VERSION = 5.0;
				TARGETED_DEVICE_FAMILY = "1,2";
				TEST_TARGET_NAME = BetterProject;
			};
			name = Debug;
		};
		5B0D923929B1C5DF005B77F7 /* Release */ = {
			isa = XCBuildConfiguration;
			buildSettings = {
				ALWAYS_EMBED_SWIFT_STANDARD_LIBRARIES = YES;
				CODE_SIGN_STYLE = Automatic;
				CURRENT_PROJECT_VERSION = 1;
				GENERATE_INFOPLIST_FILE = YES;
				MARKETING_VERSION = 1.0;
				PRODUCT_BUNDLE_IDENTIFIER = billones.dev.BetterProjectUITests;
				PRODUCT_NAME = "$(TARGET_NAME)";
				SWIFT_EMIT_LOC_STRINGS = NO;
				SWIFT_VERSION = 5.0;
				TARGETED_DEVICE_FAMILY = "1,2";
				TEST_TARGET_NAME = BetterProject;
			};
			name = Release;
		};
/* End XCBuildConfiguration section */

/* Begin XCConfigurationList section */
		5B0D91FF29B1C5DE005B77F7 /* Build configuration list for PBXProject "BetterProject" */ = {
			isa = XCConfigurationList;
			buildConfigurations = (
				5B0D922F29B1C5DF005B77F7 /* Debug */,
				5B0D923029B1C5DF005B77F7 /* Release */,
			);
			defaultConfigurationIsVisible = 0;
			defaultConfigurationName = Release;
		};
		5B0D923129B1C5DF005B77F7 /* Build configuration list for PBXNativeTarget "BetterProject" */ = {
			isa = XCConfigurationList;
			buildConfigurations = (
				5B0D923229B1C5DF005B77F7 /* Debug */,
				5B0D923329B1C5DF005B77F7 /* Release */,
			);
			defaultConfigurationIsVisible = 0;
			defaultConfigurationName = Release;
		};
		5B0D923429B1C5DF005B77F7 /* Build configuration list for PBXNativeTarget "BetterProjectTests" */ = {
			isa = XCConfigurationList;
			buildConfigurations = (
				5B0D923529B1C5DF005B77F7 /* Debug */,
				5B0D923629B1C5DF005B77F7 /* Release */,
			);
			defaultConfigurationIsVisible = 0;
			defaultConfigurationName = Release;
		};
		5B0D923729B1C5DF005B77F7 /* Build configuration list for PBXNativeTarget "BetterProjectUITests" */ = {
			isa = XCConfigurationList;
			buildConfigurations = (
				5B0D923829B1C5DF005B77F7 /* Debug */,
				5B0D923929B1C5DF005B77F7 /* Release */,
			);
			defaultConfigurationIsVisible = 0;
			defaultConfigurationName = Release;
		};
/* End XCConfigurationList section */

/* Begin XCVersionGroup section */
		5B0D921029B1C5DE005B77F7 /* BetterProject.xcdatamodeld */ = {
			isa = XCVersionGroup;
			children = (
				5B0D921129B1C5DE005B77F7 /* BetterProject.xcdatamodel */,
			);
			currentVersion = 5B0D921129B1C5DE005B77F7 /* BetterProject.xcdatamodel */;
			path = BetterProject.xcdatamodeld;
			sourceTree = "<group>";
			versionGroupType = wrapper.xcdatamodel;
		};
/* End XCVersionGroup section */
	};
	rootObject = 5B0D91FC29B1C5DE005B77F7 /* Project object */;
}
